// !$*UTF8*$!
{
	archiveVersion = 1;
	classes = {
	};
	objectVersion = 56;
	objects = {

/* Begin PBXBuildFile section */
		0E55EE942A2C85BC004A7357 /* AppDelegate.swift in Sources */ = {isa = PBXBuildFile; fileRef = 0E55EE932A2C85BC004A7357 /* AppDelegate.swift */; };
		0E55EE962A2C85BC004A7357 /* SceneDelegate.swift in Sources */ = {isa = PBXBuildFile; fileRef = 0E55EE952A2C85BC004A7357 /* SceneDelegate.swift */; };
		0E55EE982A2C85BC004A7357 /* ViewController.swift in Sources */ = {isa = PBXBuildFile; fileRef = 0E55EE972A2C85BC004A7357 /* ViewController.swift */; };
		0E55EE9B2A2C85BD004A7357 /* Main.storyboard in Resources */ = {isa = PBXBuildFile; fileRef = 0E55EE992A2C85BD004A7357 /* Main.storyboard */; };
		0E55EE9E2A2C85BD004A7357 /* HYN.xcdatamodeld in Sources */ = {isa = PBXBuildFile; fileRef = 0E55EE9C2A2C85BD004A7357 /* HYN.xcdatamodeld */; };
		0E55EEA02A2C85BE004A7357 /* Assets.xcassets in Resources */ = {isa = PBXBuildFile; fileRef = 0E55EE9F2A2C85BE004A7357 /* Assets.xcassets */; };
		0E55EEA32A2C85BE004A7357 /* LaunchScreen.storyboard in Resources */ = {isa = PBXBuildFile; fileRef = 0E55EEA12A2C85BE004A7357 /* LaunchScreen.storyboard */; };
		0E55EEAE2A2C85BE004A7357 /* HYNTests.swift in Sources */ = {isa = PBXBuildFile; fileRef = 0E55EEAD2A2C85BE004A7357 /* HYNTests.swift */; };
		0E55EEB82A2C85BE004A7357 /* HYNUITests.swift in Sources */ = {isa = PBXBuildFile; fileRef = 0E55EEB72A2C85BE004A7357 /* HYNUITests.swift */; };
		0E55EEBA2A2C85BE004A7357 /* HYNUITestsLaunchTests.swift in Sources */ = {isa = PBXBuildFile; fileRef = 0E55EEB92A2C85BE004A7357 /* HYNUITestsLaunchTests.swift */; };
		0E8A84BEB2DBB3BB48AA2E3D /* Pods_HYNTests.framework in Frameworks */ = {isa = PBXBuildFile; fileRef = 8F7828C3DC3295B86EF2CD4F /* Pods_HYNTests.framework */; };
		A5FD2B6B8414504AC15C6963 /* Pods_HYN.framework in Frameworks */ = {isa = PBXBuildFile; fileRef = 5450FA30BEA12F7DB4976121 /* Pods_HYN.framework */; };
		BF7CE737DB7D9642FD67D216 /* Pods_HYN_HYNUITests.framework in Frameworks */ = {isa = PBXBuildFile; fileRef = E3A1CA3D366A0C30058C4874 /* Pods_HYN_HYNUITests.framework */; };
/* End PBXBuildFile section */

/* Begin PBXContainerItemProxy section */
		0E55EEAA2A2C85BE004A7357 /* PBXContainerItemProxy */ = {
			isa = PBXContainerItemProxy;
			containerPortal = 0E55EE882A2C85BC004A7357 /* Project object */;
			proxyType = 1;
			remoteGlobalIDString = 0E55EE8F2A2C85BC004A7357;
			remoteInfo = HYN;
		};
		0E55EEB42A2C85BE004A7357 /* PBXContainerItemProxy */ = {
			isa = PBXContainerItemProxy;
			containerPortal = 0E55EE882A2C85BC004A7357 /* Project object */;
			proxyType = 1;
			remoteGlobalIDString = 0E55EE8F2A2C85BC004A7357;
			remoteInfo = HYN;
		};
/* End PBXContainerItemProxy section */

/* Begin PBXFileReference section */
		0E55EE902A2C85BC004A7357 /* HYN.app */ = {isa = PBXFileReference; explicitFileType = wrapper.application; includeInIndex = 0; path = HYN.app; sourceTree = BUILT_PRODUCTS_DIR; };
		0E55EE932A2C85BC004A7357 /* AppDelegate.swift */ = {isa = PBXFileReference; lastKnownFileType = sourcecode.swift; path = AppDelegate.swift; sourceTree = "<group>"; };
		0E55EE952A2C85BC004A7357 /* SceneDelegate.swift */ = {isa = PBXFileReference; lastKnownFileType = sourcecode.swift; path = SceneDelegate.swift; sourceTree = "<group>"; };
		0E55EE972A2C85BC004A7357 /* ViewController.swift */ = {isa = PBXFileReference; lastKnownFileType = sourcecode.swift; path = ViewController.swift; sourceTree = "<group>"; };
		0E55EE9A2A2C85BD004A7357 /* Base */ = {isa = PBXFileReference; lastKnownFileType = file.storyboard; name = Base; path = Base.lproj/Main.storyboard; sourceTree = "<group>"; };
		0E55EE9D2A2C85BD004A7357 /* HYN.xcdatamodel */ = {isa = PBXFileReference; lastKnownFileType = wrapper.xcdatamodel; path = HYN.xcdatamodel; sourceTree = "<group>"; };
		0E55EE9F2A2C85BE004A7357 /* Assets.xcassets */ = {isa = PBXFileReference; lastKnownFileType = folder.assetcatalog; path = Assets.xcassets; sourceTree = "<group>"; };
		0E55EEA22A2C85BE004A7357 /* Base */ = {isa = PBXFileReference; lastKnownFileType = file.storyboard; name = Base; path = Base.lproj/LaunchScreen.storyboard; sourceTree = "<group>"; };
		0E55EEA42A2C85BE004A7357 /* Info.plist */ = {isa = PBXFileReference; lastKnownFileType = text.plist.xml; path = Info.plist; sourceTree = "<group>"; };
		0E55EEA92A2C85BE004A7357 /* HYNTests.xctest */ = {isa = PBXFileReference; explicitFileType = wrapper.cfbundle; includeInIndex = 0; path = HYNTests.xctest; sourceTree = BUILT_PRODUCTS_DIR; };
		0E55EEAD2A2C85BE004A7357 /* HYNTests.swift */ = {isa = PBXFileReference; lastKnownFileType = sourcecode.swift; path = HYNTests.swift; sourceTree = "<group>"; };
		0E55EEB32A2C85BE004A7357 /* HYNUITests.xctest */ = {isa = PBXFileReference; explicitFileType = wrapper.cfbundle; includeInIndex = 0; path = HYNUITests.xctest; sourceTree = BUILT_PRODUCTS_DIR; };
		0E55EEB72A2C85BE004A7357 /* HYNUITests.swift */ = {isa = PBXFileReference; lastKnownFileType = sourcecode.swift; path = HYNUITests.swift; sourceTree = "<group>"; };
		0E55EEB92A2C85BE004A7357 /* HYNUITestsLaunchTests.swift */ = {isa = PBXFileReference; lastKnownFileType = sourcecode.swift; path = HYNUITestsLaunchTests.swift; sourceTree = "<group>"; };
		5450FA30BEA12F7DB4976121 /* Pods_HYN.framework */ = {isa = PBXFileReference; explicitFileType = wrapper.framework; includeInIndex = 0; path = Pods_HYN.framework; sourceTree = BUILT_PRODUCTS_DIR; };
		73A1CF7B3CC5105BFD19B4BD /* Pods-HYNTests.debug.xcconfig */ = {isa = PBXFileReference; includeInIndex = 1; lastKnownFileType = text.xcconfig; name = "Pods-HYNTests.debug.xcconfig"; path = "Target Support Files/Pods-HYNTests/Pods-HYNTests.debug.xcconfig"; sourceTree = "<group>"; };
		73AD2DFC3A98417A626B74CB /* Pods-HYN-HYNUITests.release.xcconfig */ = {isa = PBXFileReference; includeInIndex = 1; lastKnownFileType = text.xcconfig; name = "Pods-HYN-HYNUITests.release.xcconfig"; path = "Target Support Files/Pods-HYN-HYNUITests/Pods-HYN-HYNUITests.release.xcconfig"; sourceTree = "<group>"; };
		8F7828C3DC3295B86EF2CD4F /* Pods_HYNTests.framework */ = {isa = PBXFileReference; explicitFileType = wrapper.framework; includeInIndex = 0; path = Pods_HYNTests.framework; sourceTree = BUILT_PRODUCTS_DIR; };
		98080D1695F512A74D41BEA6 /* Pods-HYN-HYNUITests.debug.xcconfig */ = {isa = PBXFileReference; includeInIndex = 1; lastKnownFileType = text.xcconfig; name = "Pods-HYN-HYNUITests.debug.xcconfig"; path = "Target Support Files/Pods-HYN-HYNUITests/Pods-HYN-HYNUITests.debug.xcconfig"; sourceTree = "<group>"; };
		DFFB84845BCF28E75D67FA71 /* Pods-HYN.debug.xcconfig */ = {isa = PBXFileReference; includeInIndex = 1; lastKnownFileType = text.xcconfig; name = "Pods-HYN.debug.xcconfig"; path = "Target Support Files/Pods-HYN/Pods-HYN.debug.xcconfig"; sourceTree = "<group>"; };
		E3A1CA3D366A0C30058C4874 /* Pods_HYN_HYNUITests.framework */ = {isa = PBXFileReference; explicitFileType = wrapper.framework; includeInIndex = 0; path = Pods_HYN_HYNUITests.framework; sourceTree = BUILT_PRODUCTS_DIR; };
		E778BD48CB4F4801BD034651 /* Pods-HYN.release.xcconfig */ = {isa = PBXFileReference; includeInIndex = 1; lastKnownFileType = text.xcconfig; name = "Pods-HYN.release.xcconfig"; path = "Target Support Files/Pods-HYN/Pods-HYN.release.xcconfig"; sourceTree = "<group>"; };
		F79ACE5FB7E7409BEC3F0B27 /* Pods-HYNTests.release.xcconfig */ = {isa = PBXFileReference; includeInIndex = 1; lastKnownFileType = text.xcconfig; name = "Pods-HYNTests.release.xcconfig"; path = "Target Support Files/Pods-HYNTests/Pods-HYNTests.release.xcconfig"; sourceTree = "<group>"; };
/* End PBXFileReference section */

/* Begin PBXFrameworksBuildPhase section */
		0E55EE8D2A2C85BC004A7357 /* Frameworks */ = {
			isa = PBXFrameworksBuildPhase;
			buildActionMask = 2147483647;
			files = (
				A5FD2B6B8414504AC15C6963 /* Pods_HYN.framework in Frameworks */,
			);
			runOnlyForDeploymentPostprocessing = 0;
		};
		0E55EEA62A2C85BE004A7357 /* Frameworks */ = {
			isa = PBXFrameworksBuildPhase;
			buildActionMask = 2147483647;
			files = (
				0E8A84BEB2DBB3BB48AA2E3D /* Pods_HYNTests.framework in Frameworks */,
			);
			runOnlyForDeploymentPostprocessing = 0;
		};
		0E55EEB02A2C85BE004A7357 /* Frameworks */ = {
			isa = PBXFrameworksBuildPhase;
			buildActionMask = 2147483647;
			files = (
				BF7CE737DB7D9642FD67D216 /* Pods_HYN_HYNUITests.framework in Frameworks */,
			);
			runOnlyForDeploymentPostprocessing = 0;
		};
/* End PBXFrameworksBuildPhase section */

/* Begin PBXGroup section */
		0E55EE872A2C85BC004A7357 = {
			isa = PBXGroup;
			children = (
				0E55EE922A2C85BC004A7357 /* HYN */,
				0E55EEAC2A2C85BE004A7357 /* HYNTests */,
				0E55EEB62A2C85BE004A7357 /* HYNUITests */,
				0E55EE912A2C85BC004A7357 /* Products */,
				CAF16F085908D31EC2E2A93A /* Pods */,
				33C1C4DC344FAFE423893C20 /* Frameworks */,
			);
			sourceTree = "<group>";
		};
		0E55EE912A2C85BC004A7357 /* Products */ = {
			isa = PBXGroup;
			children = (
				0E55EE902A2C85BC004A7357 /* HYN.app */,
				0E55EEA92A2C85BE004A7357 /* HYNTests.xctest */,
				0E55EEB32A2C85BE004A7357 /* HYNUITests.xctest */,
			);
			name = Products;
			sourceTree = "<group>";
		};
		0E55EE922A2C85BC004A7357 /* HYN */ = {
			isa = PBXGroup;
			children = (
				0E55EE932A2C85BC004A7357 /* AppDelegate.swift */,
				0E55EE952A2C85BC004A7357 /* SceneDelegate.swift */,
				0E55EE972A2C85BC004A7357 /* ViewController.swift */,
				0E55EE992A2C85BD004A7357 /* Main.storyboard */,
				0E55EE9F2A2C85BE004A7357 /* Assets.xcassets */,
				0E55EEA12A2C85BE004A7357 /* LaunchScreen.storyboard */,
				0E55EEA42A2C85BE004A7357 /* Info.plist */,
				0E55EE9C2A2C85BD004A7357 /* HYN.xcdatamodeld */,
			);
			path = HYN;
			sourceTree = "<group>";
		};
		0E55EEAC2A2C85BE004A7357 /* HYNTests */ = {
			isa = PBXGroup;
			children = (
				0E55EEAD2A2C85BE004A7357 /* HYNTests.swift */,
			);
			path = HYNTests;
			sourceTree = "<group>";
		};
		0E55EEB62A2C85BE004A7357 /* HYNUITests */ = {
			isa = PBXGroup;
			children = (
				0E55EEB72A2C85BE004A7357 /* HYNUITests.swift */,
				0E55EEB92A2C85BE004A7357 /* HYNUITestsLaunchTests.swift */,
			);
			path = HYNUITests;
			sourceTree = "<group>";
		};
		33C1C4DC344FAFE423893C20 /* Frameworks */ = {
			isa = PBXGroup;
			children = (
				5450FA30BEA12F7DB4976121 /* Pods_HYN.framework */,
				E3A1CA3D366A0C30058C4874 /* Pods_HYN_HYNUITests.framework */,
				8F7828C3DC3295B86EF2CD4F /* Pods_HYNTests.framework */,
			);
			name = Frameworks;
			sourceTree = "<group>";
		};
		CAF16F085908D31EC2E2A93A /* Pods */ = {
			isa = PBXGroup;
			children = (
				DFFB84845BCF28E75D67FA71 /* Pods-HYN.debug.xcconfig */,
				E778BD48CB4F4801BD034651 /* Pods-HYN.release.xcconfig */,
				98080D1695F512A74D41BEA6 /* Pods-HYN-HYNUITests.debug.xcconfig */,
				73AD2DFC3A98417A626B74CB /* Pods-HYN-HYNUITests.release.xcconfig */,
				73A1CF7B3CC5105BFD19B4BD /* Pods-HYNTests.debug.xcconfig */,
				F79ACE5FB7E7409BEC3F0B27 /* Pods-HYNTests.release.xcconfig */,
			);
			name = Pods;
			path = Pods;
			sourceTree = "<group>";
		};
/* End PBXGroup section */

/* Begin PBXNativeTarget section */
		0E55EE8F2A2C85BC004A7357 /* HYN */ = {
			isa = PBXNativeTarget;
			buildConfigurationList = 0E55EEBD2A2C85BE004A7357 /* Build configuration list for PBXNativeTarget "HYN" */;
			buildPhases = (
				52EC9947422F07F6DF3C849C /* [CP] Check Pods Manifest.lock */,
				0E55EE8C2A2C85BC004A7357 /* Sources */,
				0E55EE8D2A2C85BC004A7357 /* Frameworks */,
				0E55EE8E2A2C85BC004A7357 /* Resources */,
				76EFB7C2424907D2A39E8912 /* [CP] Embed Pods Frameworks */,
			);
			buildRules = (
			);
			dependencies = (
			);
			name = HYN;
			productName = HYN;
			productReference = 0E55EE902A2C85BC004A7357 /* HYN.app */;
			productType = "com.apple.product-type.application";
		};
		0E55EEA82A2C85BE004A7357 /* HYNTests */ = {
			isa = PBXNativeTarget;
			buildConfigurationList = 0E55EEC02A2C85BE004A7357 /* Build configuration list for PBXNativeTarget "HYNTests" */;
			buildPhases = (
				9EE54AA1304DB0F4C08B6803 /* [CP] Check Pods Manifest.lock */,
				0E55EEA52A2C85BE004A7357 /* Sources */,
				0E55EEA62A2C85BE004A7357 /* Frameworks */,
				0E55EEA72A2C85BE004A7357 /* Resources */,
			);
			buildRules = (
			);
			dependencies = (
				0E55EEAB2A2C85BE004A7357 /* PBXTargetDependency */,
			);
			name = HYNTests;
			productName = HYNTests;
			productReference = 0E55EEA92A2C85BE004A7357 /* HYNTests.xctest */;
			productType = "com.apple.product-type.bundle.unit-test";
		};
		0E55EEB22A2C85BE004A7357 /* HYNUITests */ = {
			isa = PBXNativeTarget;
			buildConfigurationList = 0E55EEC32A2C85BE004A7357 /* Build configuration list for PBXNativeTarget "HYNUITests" */;
			buildPhases = (
				5F3401EFD813CF37594AC619 /* [CP] Check Pods Manifest.lock */,
				0E55EEAF2A2C85BE004A7357 /* Sources */,
				0E55EEB02A2C85BE004A7357 /* Frameworks */,
				0E55EEB12A2C85BE004A7357 /* Resources */,
				75C0987E8376720E89C704D8 /* [CP] Embed Pods Frameworks */,
			);
			buildRules = (
			);
			dependencies = (
				0E55EEB52A2C85BE004A7357 /* PBXTargetDependency */,
			);
			name = HYNUITests;
			productName = HYNUITests;
			productReference = 0E55EEB32A2C85BE004A7357 /* HYNUITests.xctest */;
			productType = "com.apple.product-type.bundle.ui-testing";
		};
/* End PBXNativeTarget section */

/* Begin PBXProject section */
		0E55EE882A2C85BC004A7357 /* Project object */ = {
			isa = PBXProject;
			attributes = {
				BuildIndependentTargetsInParallel = 1;
				LastSwiftUpdateCheck = 1430;
				LastUpgradeCheck = 1430;
				TargetAttributes = {
					0E55EE8F2A2C85BC004A7357 = {
						CreatedOnToolsVersion = 14.3;
					};
					0E55EEA82A2C85BE004A7357 = {
						CreatedOnToolsVersion = 14.3;
						TestTargetID = 0E55EE8F2A2C85BC004A7357;
					};
					0E55EEB22A2C85BE004A7357 = {
						CreatedOnToolsVersion = 14.3;
						TestTargetID = 0E55EE8F2A2C85BC004A7357;
					};
				};
			};
			buildConfigurationList = 0E55EE8B2A2C85BC004A7357 /* Build configuration list for PBXProject "HYN" */;
			compatibilityVersion = "Xcode 14.0";
			developmentRegion = en;
			hasScannedForEncodings = 0;
			knownRegions = (
				en,
				Base,
			);
			mainGroup = 0E55EE872A2C85BC004A7357;
			productRefGroup = 0E55EE912A2C85BC004A7357 /* Products */;
			projectDirPath = "";
			projectRoot = "";
			targets = (
				0E55EE8F2A2C85BC004A7357 /* HYN */,
				0E55EEA82A2C85BE004A7357 /* HYNTests */,
				0E55EEB22A2C85BE004A7357 /* HYNUITests */,
			);
		};
/* End PBXProject section */

/* Begin PBXResourcesBuildPhase section */
		0E55EE8E2A2C85BC004A7357 /* Resources */ = {
			isa = PBXResourcesBuildPhase;
			buildActionMask = 2147483647;
			files = (
				0E55EEA32A2C85BE004A7357 /* LaunchScreen.storyboard in Resources */,
				0E55EEA02A2C85BE004A7357 /* Assets.xcassets in Resources */,
				0E55EE9B2A2C85BD004A7357 /* Main.storyboard in Resources */,
			);
			runOnlyForDeploymentPostprocessing = 0;
		};
		0E55EEA72A2C85BE004A7357 /* Resources */ = {
			isa = PBXResourcesBuildPhase;
			buildActionMask = 2147483647;
			files = (
			);
			runOnlyForDeploymentPostprocessing = 0;
		};
		0E55EEB12A2C85BE004A7357 /* Resources */ = {
			isa = PBXResourcesBuildPhase;
			buildActionMask = 2147483647;
			files = (
			);
			runOnlyForDeploymentPostprocessing = 0;
		};
/* End PBXResourcesBuildPhase section */

/* Begin PBXShellScriptBuildPhase section */
		52EC9947422F07F6DF3C849C /* [CP] Check Pods Manifest.lock */ = {
			isa = PBXShellScriptBuildPhase;
			buildActionMask = 2147483647;
			files = (
			);
			inputFileListPaths = (
			);
			inputPaths = (
				"${PODS_PODFILE_DIR_PATH}/Podfile.lock",
				"${PODS_ROOT}/Manifest.lock",
			);
			name = "[CP] Check Pods Manifest.lock";
			outputFileListPaths = (
			);
			outputPaths = (
				"$(DERIVED_FILE_DIR)/Pods-HYN-checkManifestLockResult.txt",
			);
			runOnlyForDeploymentPostprocessing = 0;
			shellPath = /bin/sh;
			shellScript = "diff \"${PODS_PODFILE_DIR_PATH}/Podfile.lock\" \"${PODS_ROOT}/Manifest.lock\" > /dev/null\nif [ $? != 0 ] ; then\n    # print error to STDERR\n    echo \"error: The sandbox is not in sync with the Podfile.lock. Run 'pod install' or update your CocoaPods installation.\" >&2\n    exit 1\nfi\n# This output is used by Xcode 'outputs' to avoid re-running this script phase.\necho \"SUCCESS\" > \"${SCRIPT_OUTPUT_FILE_0}\"\n";
			showEnvVarsInLog = 0;
		};
		5F3401EFD813CF37594AC619 /* [CP] Check Pods Manifest.lock */ = {
			isa = PBXShellScriptBuildPhase;
			buildActionMask = 2147483647;
			files = (
			);
			inputFileListPaths = (
			);
			inputPaths = (
				"${PODS_PODFILE_DIR_PATH}/Podfile.lock",
				"${PODS_ROOT}/Manifest.lock",
			);
			name = "[CP] Check Pods Manifest.lock";
			outputFileListPaths = (
			);
			outputPaths = (
				"$(DERIVED_FILE_DIR)/Pods-HYN-HYNUITests-checkManifestLockResult.txt",
			);
			runOnlyForDeploymentPostprocessing = 0;
			shellPath = /bin/sh;
			shellScript = "diff \"${PODS_PODFILE_DIR_PATH}/Podfile.lock\" \"${PODS_ROOT}/Manifest.lock\" > /dev/null\nif [ $? != 0 ] ; then\n    # print error to STDERR\n    echo \"error: The sandbox is not in sync with the Podfile.lock. Run 'pod install' or update your CocoaPods installation.\" >&2\n    exit 1\nfi\n# This output is used by Xcode 'outputs' to avoid re-running this script phase.\necho \"SUCCESS\" > \"${SCRIPT_OUTPUT_FILE_0}\"\n";
			showEnvVarsInLog = 0;
		};
		75C0987E8376720E89C704D8 /* [CP] Embed Pods Frameworks */ = {
			isa = PBXShellScriptBuildPhase;
			buildActionMask = 2147483647;
			files = (
			);
			inputFileListPaths = (
				"${PODS_ROOT}/Target Support Files/Pods-HYN-HYNUITests/Pods-HYN-HYNUITests-frameworks-${CONFIGURATION}-input-files.xcfilelist",
			);
			name = "[CP] Embed Pods Frameworks";
			outputFileListPaths = (
				"${PODS_ROOT}/Target Support Files/Pods-HYN-HYNUITests/Pods-HYN-HYNUITests-frameworks-${CONFIGURATION}-output-files.xcfilelist",
			);
			runOnlyForDeploymentPostprocessing = 0;
			shellPath = /bin/sh;
			shellScript = "\"${PODS_ROOT}/Target Support Files/Pods-HYN-HYNUITests/Pods-HYN-HYNUITests-frameworks.sh\"\n";
			showEnvVarsInLog = 0;
		};
		76EFB7C2424907D2A39E8912 /* [CP] Embed Pods Frameworks */ = {
			isa = PBXShellScriptBuildPhase;
			buildActionMask = 2147483647;
			files = (
			);
			inputFileListPaths = (
				"${PODS_ROOT}/Target Support Files/Pods-HYN/Pods-HYN-frameworks-${CONFIGURATION}-input-files.xcfilelist",
			);
			name = "[CP] Embed Pods Frameworks";
			outputFileListPaths = (
				"${PODS_ROOT}/Target Support Files/Pods-HYN/Pods-HYN-frameworks-${CONFIGURATION}-output-files.xcfilelist",
			);
			runOnlyForDeploymentPostprocessing = 0;
			shellPath = /bin/sh;
			shellScript = "\"${PODS_ROOT}/Target Support Files/Pods-HYN/Pods-HYN-frameworks.sh\"\n";
			showEnvVarsInLog = 0;
		};
		9EE54AA1304DB0F4C08B6803 /* [CP] Check Pods Manifest.lock */ = {
			isa = PBXShellScriptBuildPhase;
			buildActionMask = 2147483647;
			files = (
			);
			inputFileListPaths = (
			);
			inputPaths = (
				"${PODS_PODFILE_DIR_PATH}/Podfile.lock",
				"${PODS_ROOT}/Manifest.lock",
			);
			name = "[CP] Check Pods Manifest.lock";
			outputFileListPaths = (
			);
			outputPaths = (
				"$(DERIVED_FILE_DIR)/Pods-HYNTests-checkManifestLockResult.txt",
			);
			runOnlyForDeploymentPostprocessing = 0;
			shellPath = /bin/sh;
			shellScript = "diff \"${PODS_PODFILE_DIR_PATH}/Podfile.lock\" \"${PODS_ROOT}/Manifest.lock\" > /dev/null\nif [ $? != 0 ] ; then\n    # print error to STDERR\n    echo \"error: The sandbox is not in sync with the Podfile.lock. Run 'pod install' or update your CocoaPods installation.\" >&2\n    exit 1\nfi\n# This output is used by Xcode 'outputs' to avoid re-running this script phase.\necho \"SUCCESS\" > \"${SCRIPT_OUTPUT_FILE_0}\"\n";
			showEnvVarsInLog = 0;
		};
/* End PBXShellScriptBuildPhase section */

/* Begin PBXSourcesBuildPhase section */
		0E55EE8C2A2C85BC004A7357 /* Sources */ = {
			isa = PBXSourcesBuildPhase;
			buildActionMask = 2147483647;
			files = (
				0E55EE982A2C85BC004A7357 /* ViewController.swift in Sources */,
				0E55EE942A2C85BC004A7357 /* AppDelegate.swift in Sources */,
				0E55EE962A2C85BC004A7357 /* SceneDelegate.swift in Sources */,
				0E55EE9E2A2C85BD004A7357 /* HYN.xcdatamodeld in Sources */,
			);
			runOnlyForDeploymentPostprocessing = 0;
		};
		0E55EEA52A2C85BE004A7357 /* Sources */ = {
			isa = PBXSourcesBuildPhase;
			buildActionMask = 2147483647;
			files = (
				0E55EEAE2A2C85BE004A7357 /* HYNTests.swift in Sources */,
			);
			runOnlyForDeploymentPostprocessing = 0;
		};
		0E55EEAF2A2C85BE004A7357 /* Sources */ = {
			isa = PBXSourcesBuildPhase;
			buildActionMask = 2147483647;
			files = (
				0E55EEBA2A2C85BE004A7357 /* HYNUITestsLaunchTests.swift in Sources */,
				0E55EEB82A2C85BE004A7357 /* HYNUITests.swift in Sources */,
			);
			runOnlyForDeploymentPostprocessing = 0;
		};
/* End PBXSourcesBuildPhase section */

/* Begin PBXTargetDependency section */
		0E55EEAB2A2C85BE004A7357 /* PBXTargetDependency */ = {
			isa = PBXTargetDependency;
			target = 0E55EE8F2A2C85BC004A7357 /* HYN */;
			targetProxy = 0E55EEAA2A2C85BE004A7357 /* PBXContainerItemProxy */;
		};
		0E55EEB52A2C85BE004A7357 /* PBXTargetDependency */ = {
			isa = PBXTargetDependency;
			target = 0E55EE8F2A2C85BC004A7357 /* HYN */;
			targetProxy = 0E55EEB42A2C85BE004A7357 /* PBXContainerItemProxy */;
		};
/* End PBXTargetDependency section */

/* Begin PBXVariantGroup section */
		0E55EE992A2C85BD004A7357 /* Main.storyboard */ = {
			isa = PBXVariantGroup;
			children = (
				0E55EE9A2A2C85BD004A7357 /* Base */,
			);
			name = Main.storyboard;
			sourceTree = "<group>";
		};
		0E55EEA12A2C85BE004A7357 /* LaunchScreen.storyboard */ = {
			isa = PBXVariantGroup;
			children = (
				0E55EEA22A2C85BE004A7357 /* Base */,
			);
			name = LaunchScreen.storyboard;
			sourceTree = "<group>";
		};
/* End PBXVariantGroup section */

/* Begin XCBuildConfiguration section */
		0E55EEBB2A2C85BE004A7357 /* Debug */ = {
			isa = XCBuildConfiguration;
			buildSettings = {
				ALWAYS_SEARCH_USER_PATHS = NO;
				CLANG_ANALYZER_NONNULL = YES;
				CLANG_ANALYZER_NUMBER_OBJECT_CONVERSION = YES_AGGRESSIVE;
				CLANG_CXX_LANGUAGE_STANDARD = "gnu++20";
				CLANG_ENABLE_MODULES = YES;
				CLANG_ENABLE_OBJC_ARC = YES;
				CLANG_ENABLE_OBJC_WEAK = YES;
				CLANG_WARN_BLOCK_CAPTURE_AUTORELEASING = YES;
				CLANG_WARN_BOOL_CONVERSION = YES;
				CLANG_WARN_COMMA = YES;
				CLANG_WARN_CONSTANT_CONVERSION = YES;
				CLANG_WARN_DEPRECATED_OBJC_IMPLEMENTATIONS = YES;
				CLANG_WARN_DIRECT_OBJC_ISA_USAGE = YES_ERROR;
				CLANG_WARN_DOCUMENTATION_COMMENTS = YES;
				CLANG_WARN_EMPTY_BODY = YES;
				CLANG_WARN_ENUM_CONVERSION = YES;
				CLANG_WARN_INFINITE_RECURSION = YES;
				CLANG_WARN_INT_CONVERSION = YES;
				CLANG_WARN_NON_LITERAL_NULL_CONVERSION = YES;
				CLANG_WARN_OBJC_IMPLICIT_RETAIN_SELF = YES;
				CLANG_WARN_OBJC_LITERAL_CONVERSION = YES;
				CLANG_WARN_OBJC_ROOT_CLASS = YES_ERROR;
				CLANG_WARN_QUOTED_INCLUDE_IN_FRAMEWORK_HEADER = YES;
				CLANG_WARN_RANGE_LOOP_ANALYSIS = YES;
				CLANG_WARN_STRICT_PROTOTYPES = YES;
				CLANG_WARN_SUSPICIOUS_MOVE = YES;
				CLANG_WARN_UNGUARDED_AVAILABILITY = YES_AGGRESSIVE;
				CLANG_WARN_UNREACHABLE_CODE = YES;
				CLANG_WARN__DUPLICATE_METHOD_MATCH = YES;
				COPY_PHASE_STRIP = NO;
				DEBUG_INFORMATION_FORMAT = dwarf;
				ENABLE_STRICT_OBJC_MSGSEND = YES;
				ENABLE_TESTABILITY = YES;
				GCC_C_LANGUAGE_STANDARD = gnu11;
				GCC_DYNAMIC_NO_PIC = NO;
				GCC_NO_COMMON_BLOCKS = YES;
				GCC_OPTIMIZATION_LEVEL = 0;
				GCC_PREPROCESSOR_DEFINITIONS = (
					"DEBUG=1",
					"$(inherited)",
				);
				GCC_WARN_64_TO_32_BIT_CONVERSION = YES;
				GCC_WARN_ABOUT_RETURN_TYPE = YES_ERROR;
				GCC_WARN_UNDECLARED_SELECTOR = YES;
				GCC_WARN_UNINITIALIZED_AUTOS = YES_AGGRESSIVE;
				GCC_WARN_UNUSED_FUNCTION = YES;
				GCC_WARN_UNUSED_VARIABLE = YES;
				IPHONEOS_DEPLOYMENT_TARGET = 16.4;
				MTL_ENABLE_DEBUG_INFO = INCLUDE_SOURCE;
				MTL_FAST_MATH = YES;
				ONLY_ACTIVE_ARCH = YES;
				SDKROOT = iphoneos;
				SWIFT_ACTIVE_COMPILATION_CONDITIONS = DEBUG;
				SWIFT_OPTIMIZATION_LEVEL = "-Onone";
			};
			name = Debug;
		};
		0E55EEBC2A2C85BE004A7357 /* Release */ = {
			isa = XCBuildConfiguration;
			buildSettings = {
				ALWAYS_SEARCH_USER_PATHS = NO;
				CLANG_ANALYZER_NONNULL = YES;
				CLANG_ANALYZER_NUMBER_OBJECT_CONVERSION = YES_AGGRESSIVE;
				CLANG_CXX_LANGUAGE_STANDARD = "gnu++20";
				CLANG_ENABLE_MODULES = YES;
				CLANG_ENABLE_OBJC_ARC = YES;
				CLANG_ENABLE_OBJC_WEAK = YES;
				CLANG_WARN_BLOCK_CAPTURE_AUTORELEASING = YES;
				CLANG_WARN_BOOL_CONVERSION = YES;
				CLANG_WARN_COMMA = YES;
				CLANG_WARN_CONSTANT_CONVERSION = YES;
				CLANG_WARN_DEPRECATED_OBJC_IMPLEMENTATIONS = YES;
				CLANG_WARN_DIRECT_OBJC_ISA_USAGE = YES_ERROR;
				CLANG_WARN_DOCUMENTATION_COMMENTS = YES;
				CLANG_WARN_EMPTY_BODY = YES;
				CLANG_WARN_ENUM_CONVERSION = YES;
				CLANG_WARN_INFINITE_RECURSION = YES;
				CLANG_WARN_INT_CONVERSION = YES;
				CLANG_WARN_NON_LITERAL_NULL_CONVERSION = YES;
				CLANG_WARN_OBJC_IMPLICIT_RETAIN_SELF = YES;
				CLANG_WARN_OBJC_LITERAL_CONVERSION = YES;
				CLANG_WARN_OBJC_ROOT_CLASS = YES_ERROR;
				CLANG_WARN_QUOTED_INCLUDE_IN_FRAMEWORK_HEADER = YES;
				CLANG_WARN_RANGE_LOOP_ANALYSIS = YES;
				CLANG_WARN_STRICT_PROTOTYPES = YES;
				CLANG_WARN_SUSPICIOUS_MOVE = YES;
				CLANG_WARN_UNGUARDED_AVAILABILITY = YES_AGGRESSIVE;
				CLANG_WARN_UNREACHABLE_CODE = YES;
				CLANG_WARN__DUPLICATE_METHOD_MATCH = YES;
				COPY_PHASE_STRIP = NO;
				DEBUG_INFORMATION_FORMAT = "dwarf-with-dsym";
				ENABLE_NS_ASSERTIONS = NO;
				ENABLE_STRICT_OBJC_MSGSEND = YES;
				GCC_C_LANGUAGE_STANDARD = gnu11;
				GCC_NO_COMMON_BLOCKS = YES;
				GCC_WARN_64_TO_32_BIT_CONVERSION = YES;
				GCC_WARN_ABOUT_RETURN_TYPE = YES_ERROR;
				GCC_WARN_UNDECLARED_SELECTOR = YES;
				GCC_WARN_UNINITIALIZED_AUTOS = YES_AGGRESSIVE;
				GCC_WARN_UNUSED_FUNCTION = YES;
				GCC_WARN_UNUSED_VARIABLE = YES;
				IPHONEOS_DEPLOYMENT_TARGET = 16.4;
				MTL_ENABLE_DEBUG_INFO = NO;
				MTL_FAST_MATH = YES;
				SDKROOT = iphoneos;
				SWIFT_COMPILATION_MODE = wholemodule;
				SWIFT_OPTIMIZATION_LEVEL = "-O";
				VALIDATE_PRODUCT = YES;
			};
			name = Release;
		};
		0E55EEBE2A2C85BE004A7357 /* Debug */ = {
			isa = XCBuildConfiguration;
			baseConfigurationReference = DFFB84845BCF28E75D67FA71 /* Pods-HYN.debug.xcconfig */;
			buildSettings = {
				ASSETCATALOG_COMPILER_APPICON_NAME = AppIcon;
				ASSETCATALOG_COMPILER_GLOBAL_ACCENT_COLOR_NAME = AccentColor;
				CODE_SIGN_STYLE = Automatic;
				CURRENT_PROJECT_VERSION = 1;
				GENERATE_INFOPLIST_FILE = YES;
				INFOPLIST_FILE = HYN/Info.plist;
				INFOPLIST_KEY_UIApplicationSupportsIndirectInputEvents = YES;
				INFOPLIST_KEY_UILaunchStoryboardName = LaunchScreen;
				INFOPLIST_KEY_UIMainStoryboardFile = Main;
				INFOPLIST_KEY_UISupportedInterfaceOrientations_iPad = "UIInterfaceOrientationPortrait UIInterfaceOrientationPortraitUpsideDown UIInterfaceOrientationLandscapeLeft UIInterfaceOrientationLandscapeRight";
				INFOPLIST_KEY_UISupportedInterfaceOrientations_iPhone = "UIInterfaceOrientationPortrait UIInterfaceOrientationLandscapeLeft UIInterfaceOrientationLandscapeRight";
				LD_RUNPATH_SEARCH_PATHS = (
					"$(inherited)",
					"@executable_path/Frameworks",
				);
				MARKETING_VERSION = 1.0;
				PRODUCT_BUNDLE_IDENTIFIER = com.iti.HYN;
				PRODUCT_NAME = "$(TARGET_NAME)";
				SWIFT_EMIT_LOC_STRINGS = YES;
				SWIFT_VERSION = 5.0;
				TARGETED_DEVICE_FAMILY = "1,2";
			};
			name = Debug;
		};
		0E55EEBF2A2C85BE004A7357 /* Release */ = {
			isa = XCBuildConfiguration;
			baseConfigurationReference = E778BD48CB4F4801BD034651 /* Pods-HYN.release.xcconfig */;
			buildSettings = {
				ASSETCATALOG_COMPILER_APPICON_NAME = AppIcon;
				ASSETCATALOG_COMPILER_GLOBAL_ACCENT_COLOR_NAME = AccentColor;
				CODE_SIGN_STYLE = Automatic;
				CURRENT_PROJECT_VERSION = 1;
				GENERATE_INFOPLIST_FILE = YES;
				INFOPLIST_FILE = HYN/Info.plist;
				INFOPLIST_KEY_UIApplicationSupportsIndirectInputEvents = YES;
				INFOPLIST_KEY_UILaunchStoryboardName = LaunchScreen;
				INFOPLIST_KEY_UIMainStoryboardFile = Main;
				INFOPLIST_KEY_UISupportedInterfaceOrientations_iPad = "UIInterfaceOrientationPortrait UIInterfaceOrientationPortraitUpsideDown UIInterfaceOrientationLandscapeLeft UIInterfaceOrientationLandscapeRight";
				INFOPLIST_KEY_UISupportedInterfaceOrientations_iPhone = "UIInterfaceOrientationPortrait UIInterfaceOrientationLandscapeLeft UIInterfaceOrientationLandscapeRight";
				LD_RUNPATH_SEARCH_PATHS = (
					"$(inherited)",
					"@executable_path/Frameworks",
				);
				MARKETING_VERSION = 1.0;
				PRODUCT_BUNDLE_IDENTIFIER = com.iti.HYN;
				PRODUCT_NAME = "$(TARGET_NAME)";
				SWIFT_EMIT_LOC_STRINGS = YES;
				SWIFT_VERSION = 5.0;
				TARGETED_DEVICE_FAMILY = "1,2";
			};
			name = Release;
		};
		0E55EEC12A2C85BE004A7357 /* Debug */ = {
			isa = XCBuildConfiguration;
			baseConfigurationReference = 73A1CF7B3CC5105BFD19B4BD /* Pods-HYNTests.debug.xcconfig */;
			buildSettings = {
				ALWAYS_EMBED_SWIFT_STANDARD_LIBRARIES = YES;
				BUNDLE_LOADER = "$(TEST_HOST)";
				CODE_SIGN_STYLE = Automatic;
				CURRENT_PROJECT_VERSION = 1;
				GENERATE_INFOPLIST_FILE = YES;
				IPHONEOS_DEPLOYMENT_TARGET = 16.4;
				MARKETING_VERSION = 1.0;
				PRODUCT_BUNDLE_IDENTIFIER = com.iti.HYNTests;
				PRODUCT_NAME = "$(TARGET_NAME)";
				SWIFT_EMIT_LOC_STRINGS = NO;
				SWIFT_VERSION = 5.0;
				TARGETED_DEVICE_FAMILY = "1,2";
				TEST_HOST = "$(BUILT_PRODUCTS_DIR)/HYN.app/$(BUNDLE_EXECUTABLE_FOLDER_PATH)/HYN";
			};
			name = Debug;
		};
		0E55EEC22A2C85BE004A7357 /* Release */ = {
			isa = XCBuildConfiguration;
			baseConfigurationReference = F79ACE5FB7E7409BEC3F0B27 /* Pods-HYNTests.release.xcconfig */;
			buildSettings = {
				ALWAYS_EMBED_SWIFT_STANDARD_LIBRARIES = YES;
				BUNDLE_LOADER = "$(TEST_HOST)";
				CODE_SIGN_STYLE = Automatic;
				CURRENT_PROJECT_VERSION = 1;
				GENERATE_INFOPLIST_FILE = YES;
				IPHONEOS_DEPLOYMENT_TARGET = 16.4;
				MARKETING_VERSION = 1.0;
				PRODUCT_BUNDLE_IDENTIFIER = com.iti.HYNTests;
				PRODUCT_NAME = "$(TARGET_NAME)";
				SWIFT_EMIT_LOC_STRINGS = NO;
				SWIFT_VERSION = 5.0;
				TARGETED_DEVICE_FAMILY = "1,2";
				TEST_HOST = "$(BUILT_PRODUCTS_DIR)/HYN.app/$(BUNDLE_EXECUTABLE_FOLDER_PATH)/HYN";
			};
			name = Release;
		};
		0E55EEC42A2C85BE004A7357 /* Debug */ = {
			isa = XCBuildConfiguration;
			baseConfigurationReference = 98080D1695F512A74D41BEA6 /* Pods-HYN-HYNUITests.debug.xcconfig */;
			buildSettings = {
				ALWAYS_EMBED_SWIFT_STANDARD_LIBRARIES = YES;
				CODE_SIGN_STYLE = Automatic;
				CURRENT_PROJECT_VERSION = 1;
				GENERATE_INFOPLIST_FILE = YES;
				MARKETING_VERSION = 1.0;
				PRODUCT_BUNDLE_IDENTIFIER = com.iti.HYNUITests;
				PRODUCT_NAME = "$(TARGET_NAME)";
				SWIFT_EMIT_LOC_STRINGS = NO;
				SWIFT_VERSION = 5.0;
				TARGETED_DEVICE_FAMILY = "1,2";
				TEST_TARGET_NAME = HYN;
			};
			name = Debug;
		};
		0E55EEC52A2C85BE004A7357 /* Release */ = {
			isa = XCBuildConfiguration;
			baseConfigurationReference = 73AD2DFC3A98417A626B74CB /* Pods-HYN-HYNUITests.release.xcconfig */;
			buildSettings = {
				ALWAYS_EMBED_SWIFT_STANDARD_LIBRARIES = YES;
				CODE_SIGN_STYLE = Automatic;
				CURRENT_PROJECT_VERSION = 1;
				GENERATE_INFOPLIST_FILE = YES;
				MARKETING_VERSION = 1.0;
				PRODUCT_BUNDLE_IDENTIFIER = com.iti.HYNUITests;
				PRODUCT_NAME = "$(TARGET_NAME)";
				SWIFT_EMIT_LOC_STRINGS = NO;
				SWIFT_VERSION = 5.0;
				TARGETED_DEVICE_FAMILY = "1,2";
				TEST_TARGET_NAME = HYN;
			};
			name = Release;
		};
/* End XCBuildConfiguration section */

/* Begin XCConfigurationList section */
		0E55EE8B2A2C85BC004A7357 /* Build configuration list for PBXProject "HYN" */ = {
			isa = XCConfigurationList;
			buildConfigurations = (
				0E55EEBB2A2C85BE004A7357 /* Debug */,
				0E55EEBC2A2C85BE004A7357 /* Release */,
			);
			defaultConfigurationIsVisible = 0;
			defaultConfigurationName = Release;
		};
		0E55EEBD2A2C85BE004A7357 /* Build configuration list for PBXNativeTarget "HYN" */ = {
			isa = XCConfigurationList;
			buildConfigurations = (
				0E55EEBE2A2C85BE004A7357 /* Debug */,
				0E55EEBF2A2C85BE004A7357 /* Release */,
			);
			defaultConfigurationIsVisible = 0;
			defaultConfigurationName = Release;
		};
		0E55EEC02A2C85BE004A7357 /* Build configuration list for PBXNativeTarget "HYNTests" */ = {
			isa = XCConfigurationList;
			buildConfigurations = (
				0E55EEC12A2C85BE004A7357 /* Debug */,
				0E55EEC22A2C85BE004A7357 /* Release */,
			);
			defaultConfigurationIsVisible = 0;
			defaultConfigurationName = Release;
		};
		0E55EEC32A2C85BE004A7357 /* Build configuration list for PBXNativeTarget "HYNUITests" */ = {
			isa = XCConfigurationList;
			buildConfigurations = (
				0E55EEC42A2C85BE004A7357 /* Debug */,
				0E55EEC52A2C85BE004A7357 /* Release */,
			);
			defaultConfigurationIsVisible = 0;
			defaultConfigurationName = Release;
		};
/* End XCConfigurationList section */

/* Begin XCVersionGroup section */
		0E55EE9C2A2C85BD004A7357 /* HYN.xcdatamodeld */ = {
			isa = XCVersionGroup;
			children = (
				0E55EE9D2A2C85BD004A7357 /* HYN.xcdatamodel */,
			);
			currentVersion = 0E55EE9D2A2C85BD004A7357 /* HYN.xcdatamodel */;
			path = HYN.xcdatamodeld;
			sourceTree = "<group>";
			versionGroupType = wrapper.xcdatamodel;
		};
/* End XCVersionGroup section */
	};
	rootObject = 0E55EE882A2C85BC004A7357 /* Project object */;
}
